
Microsoft Visual Studio Solution File, Format Version 12.00
# Visual Studio Version 17
VisualStudioVersion = 17.4.33122.133
MinimumVisualStudioVersion = 10.0.40219.1
Project("{FAE04EC0-301F-11D3-BF4B-00C04F79EFBC}") = "Coche car part", "Coche car part\Coche car part.csproj", "{3BA621DA-B17B-46BD-B245-6166090A6A00}"
EndProject
Global
	GlobalSection(SolutionConfigurationPlatforms) = preSolution
		Debug|Any CPU = Debug|Any CPU
		Release|Any CPU = Release|Any CPU
	EndGlobalSection
	GlobalSection(ProjectConfigurationPlatforms) = postSolution
		{3BA621DA-B17B-46BD-B245-6166090A6A00}.Debug|Any CPU.ActiveCfg = Debug|Any CPU
		{3BA621DA-B17B-46BD-B245-6166090A6A00}.Debug|Any CPU.Build.0 = Debug|Any CPU
		{3BA621DA-B17B-46BD-B245-6166090A6A00}.Release|Any CPU.ActiveCfg = Release|Any CPU
		{3BA621DA-B17B-46BD-B245-6166090A6A00}.Release|Any CPU.Build.0 = Release|Any CPU
	EndGlobalSection
	GlobalSection(SolutionProperties) = preSolution
		HideSolutionNode = FALSE
	EndGlobalSection
	GlobalSection(ExtensibilityGlobals) = postSolution
		SolutionGuid = {6042EFAE-A7C4-4154-B8B3-DCE1CB1B507A}
	EndGlobalSection
EndGlobal
